
Microsoft Visual Studio Solution File, Format Version 12.00
# Visual Studio 14
VisualStudioVersion = 14.0.25420.1
MinimumVisualStudioVersion = 10.0.40219.1
Project("{8BB2217D-0F2D-49D1-97BC-3654ED321F3B}") = "ProstoA.Common", "src\ProstoA.Common\ProstoA.Common.xproj", "{F7A41809-71C4-4F0B-914F-5B022ACBF823}"
EndProject
Project("{8BB2217D-0F2D-49D1-97BC-3654ED321F3B}") = "ProstoA.Data", "src\ProstoA.Data\ProstoA.Data.xproj", "{BECFF877-C667-467A-9D7A-2C9F529EE602}"
EndProject
Project("{8BB2217D-0F2D-49D1-97BC-3654ED321F3B}") = "ProstoA.Delivery", "src\ProstoA.Delivery\ProstoA.Delivery.xproj", "{7984F6D6-45A6-46D8-8BCB-B3C7769604FE}"
EndProject
Project("{8BB2217D-0F2D-49D1-97BC-3654ED321F3B}") = "ProstoA.Documents", "src\ProstoA.Documents\ProstoA.Documents.xproj", "{DCBE13A2-07BC-4914-B674-8822AF048312}"
EndProject
Project("{8BB2217D-0F2D-49D1-97BC-3654ED321F3B}") = "ProstoA.Operations", "src\ProstoA.Operations\ProstoA.Operations.xproj", "{C1B5393B-C2DB-4AA5-B968-F227376996DA}"
EndProject
Project("{8BB2217D-0F2D-49D1-97BC-3654ED321F3B}") = "ProstoA.Security", "src\ProstoA.Security\ProstoA.Security.xproj", "{758C1386-4F3E-4C26-BC80-4306FFD32EC7}"
EndProject
Project("{8BB2217D-0F2D-49D1-97BC-3654ED321F3B}") = "ProstoA.Workflow", "src\ProstoA.Workflow\ProstoA.Workflow.xproj", "{8E3D32ED-7C7B-47D9-9221-1AF2747EF13D}"
EndProject
Project("{8BB2217D-0F2D-49D1-97BC-3654ED321F3B}") = "ProstoA.Web", "src\ProstoA.Web\ProstoA.Web.xproj", "{D3B08C80-2023-4E1A-A0AC-B968D93E2D05}"
EndProject
Project("{8BB2217D-0F2D-49D1-97BC-3654ED321F3B}") = "ProstoA.Documents.Xlsx", "src\ProstoA.Documents.Xlsx\ProstoA.Documents.Xlsx.xproj", "{2C2B97E9-FA74-4736-A558-1E4079436582}"
EndProject
Project("{2150E333-8FDC-42A3-9474-1A3956D46DE8}") = "net451", "net451", "{7CCAC7B7-53D7-4CB7-9639-C2A95CCEFF24}"
EndProject
Project("{2150E333-8FDC-42A3-9474-1A3956D46DE8}") = "core", "core", "{FEAEB459-C2A2-4ECD-A2F8-BBC28209BFCF}"
EndProject
Global
	GlobalSection(SolutionConfigurationPlatforms) = preSolution
		Debug|Any CPU = Debug|Any CPU
		Release|Any CPU = Release|Any CPU
	EndGlobalSection
	GlobalSection(ProjectConfigurationPlatforms) = postSolution
		{F7A41809-71C4-4F0B-914F-5B022ACBF823}.Debug|Any CPU.ActiveCfg = Debug|Any CPU
		{F7A41809-71C4-4F0B-914F-5B022ACBF823}.Debug|Any CPU.Build.0 = Debug|Any CPU
		{F7A41809-71C4-4F0B-914F-5B022ACBF823}.Release|Any CPU.ActiveCfg = Release|Any CPU
		{F7A41809-71C4-4F0B-914F-5B022ACBF823}.Release|Any CPU.Build.0 = Release|Any CPU
		{BECFF877-C667-467A-9D7A-2C9F529EE602}.Debug|Any CPU.ActiveCfg = Debug|Any CPU
		{BECFF877-C667-467A-9D7A-2C9F529EE602}.Debug|Any CPU.Build.0 = Debug|Any CPU
		{BECFF877-C667-467A-9D7A-2C9F529EE602}.Release|Any CPU.ActiveCfg = Release|Any CPU
		{BECFF877-C667-467A-9D7A-2C9F529EE602}.Release|Any CPU.Build.0 = Release|Any CPU
		{7984F6D6-45A6-46D8-8BCB-B3C7769604FE}.Debug|Any CPU.ActiveCfg = Debug|Any CPU
		{7984F6D6-45A6-46D8-8BCB-B3C7769604FE}.Debug|Any CPU.Build.0 = Debug|Any CPU
		{7984F6D6-45A6-46D8-8BCB-B3C7769604FE}.Release|Any CPU.ActiveCfg = Release|Any CPU
		{7984F6D6-45A6-46D8-8BCB-B3C7769604FE}.Release|Any CPU.Build.0 = Release|Any CPU
		{DCBE13A2-07BC-4914-B674-8822AF048312}.Debug|Any CPU.ActiveCfg = Debug|Any CPU
		{DCBE13A2-07BC-4914-B674-8822AF048312}.Debug|Any CPU.Build.0 = Debug|Any CPU
		{DCBE13A2-07BC-4914-B674-8822AF048312}.Release|Any CPU.ActiveCfg = Release|Any CPU
		{DCBE13A2-07BC-4914-B674-8822AF048312}.Release|Any CPU.Build.0 = Release|Any CPU
		{C1B5393B-C2DB-4AA5-B968-F227376996DA}.Debug|Any CPU.ActiveCfg = Debug|Any CPU
		{C1B5393B-C2DB-4AA5-B968-F227376996DA}.Debug|Any CPU.Build.0 = Debug|Any CPU
		{C1B5393B-C2DB-4AA5-B968-F227376996DA}.Release|Any CPU.ActiveCfg = Release|Any CPU
		{C1B5393B-C2DB-4AA5-B968-F227376996DA}.Release|Any CPU.Build.0 = Release|Any CPU
		{758C1386-4F3E-4C26-BC80-4306FFD32EC7}.Debug|Any CPU.ActiveCfg = Debug|Any CPU
		{758C1386-4F3E-4C26-BC80-4306FFD32EC7}.Debug|Any CPU.Build.0 = Debug|Any CPU
		{758C1386-4F3E-4C26-BC80-4306FFD32EC7}.Release|Any CPU.ActiveCfg = Release|Any CPU
		{758C1386-4F3E-4C26-BC80-4306FFD32EC7}.Release|Any CPU.Build.0 = Release|Any CPU
		{8E3D32ED-7C7B-47D9-9221-1AF2747EF13D}.Debug|Any CPU.ActiveCfg = Debug|Any CPU
		{8E3D32ED-7C7B-47D9-9221-1AF2747EF13D}.Debug|Any CPU.Build.0 = Debug|Any CPU
		{8E3D32ED-7C7B-47D9-9221-1AF2747EF13D}.Release|Any CPU.ActiveCfg = Release|Any CPU
		{8E3D32ED-7C7B-47D9-9221-1AF2747EF13D}.Release|Any CPU.Build.0 = Release|Any CPU
		{D3B08C80-2023-4E1A-A0AC-B968D93E2D05}.Debug|Any CPU.ActiveCfg = Debug|Any CPU
		{D3B08C80-2023-4E1A-A0AC-B968D93E2D05}.Debug|Any CPU.Build.0 = Debug|Any CPU
		{D3B08C80-2023-4E1A-A0AC-B968D93E2D05}.Release|Any CPU.ActiveCfg = Release|Any CPU
		{D3B08C80-2023-4E1A-A0AC-B968D93E2D05}.Release|Any CPU.Build.0 = Release|Any CPU
		{2C2B97E9-FA74-4736-A558-1E4079436582}.Debug|Any CPU.ActiveCfg = Debug|Any CPU
		{2C2B97E9-FA74-4736-A558-1E4079436582}.Debug|Any CPU.Build.0 = Debug|Any CPU
		{2C2B97E9-FA74-4736-A558-1E4079436582}.Release|Any CPU.ActiveCfg = Release|Any CPU
		{2C2B97E9-FA74-4736-A558-1E4079436582}.Release|Any CPU.Build.0 = Release|Any CPU
	EndGlobalSection
	GlobalSection(SolutionProperties) = preSolution
		HideSolutionNode = FALSE
	EndGlobalSection
	GlobalSection(NestedProjects) = preSolution
		{F7A41809-71C4-4F0B-914F-5B022ACBF823} = {FEAEB459-C2A2-4ECD-A2F8-BBC28209BFCF}
		{BECFF877-C667-467A-9D7A-2C9F529EE602} = {FEAEB459-C2A2-4ECD-A2F8-BBC28209BFCF}
		{7984F6D6-45A6-46D8-8BCB-B3C7769604FE} = {7CCAC7B7-53D7-4CB7-9639-C2A95CCEFF24}
		{DCBE13A2-07BC-4914-B674-8822AF048312} = {FEAEB459-C2A2-4ECD-A2F8-BBC28209BFCF}
		{C1B5393B-C2DB-4AA5-B968-F227376996DA} = {FEAEB459-C2A2-4ECD-A2F8-BBC28209BFCF}
		{758C1386-4F3E-4C26-BC80-4306FFD32EC7} = {FEAEB459-C2A2-4ECD-A2F8-BBC28209BFCF}
		{8E3D32ED-7C7B-47D9-9221-1AF2747EF13D} = {FEAEB459-C2A2-4ECD-A2F8-BBC28209BFCF}
		{D3B08C80-2023-4E1A-A0AC-B968D93E2D05} = {7CCAC7B7-53D7-4CB7-9639-C2A95CCEFF24}
		{2C2B97E9-FA74-4736-A558-1E4079436582} = {7CCAC7B7-53D7-4CB7-9639-C2A95CCEFF24}
	EndGlobalSection
EndGlobal
